
Microsoft Visual Studio Solution File, Format Version 12.00
# Visual Studio Version 17
VisualStudioVersion = 17.9.34902.65
MinimumVisualStudioVersion = 10.0.40219.1
Project("{FAE04EC0-301F-11D3-BF4B-00C04F79EFBC}") = "PruebaTecninca", "PruebaTecninca.csproj", "{28488A19-BEF4-4FF4-95D5-0A6B8FF3447E}"
EndProject
Global
	GlobalSection(SolutionConfigurationPlatforms) = preSolution
		Debug|Any CPU = Debug|Any CPU
		Release|Any CPU = Release|Any CPU
	EndGlobalSection
	GlobalSection(ProjectConfigurationPlatforms) = postSolution
		{28488A19-BEF4-4FF4-95D5-0A6B8FF3447E}.Debug|Any CPU.ActiveCfg = Debug|Any CPU
		{28488A19-BEF4-4FF4-95D5-0A6B8FF3447E}.Debug|Any CPU.Build.0 = Debug|Any CPU
		{28488A19-BEF4-4FF4-95D5-0A6B8FF3447E}.Release|Any CPU.ActiveCfg = Release|Any CPU
		{28488A19-BEF4-4FF4-95D5-0A6B8FF3447E}.Release|Any CPU.Build.0 = Release|Any CPU
	EndGlobalSection
	GlobalSection(SolutionProperties) = preSolution
		HideSolutionNode = FALSE
	EndGlobalSection
	GlobalSection(ExtensibilityGlobals) = postSolution
		SolutionGuid = {14A1D7E1-5411-4AA1-A63F-964677C42ED6}
	EndGlobalSection
EndGlobal
